// !$*UTF8*$!
{
	archiveVersion = 1;
	classes = {
	};
	objectVersion = 46;
	objects = {

/* Begin PBXBuildFile section */
		9E06FC6D87A809B8A912CA5D /* Pods_Sono.framework in Frameworks */ = {isa = PBXBuildFile; fileRef = 1186ECF31F5553DD0DB9B03C /* Pods_Sono.framework */; };
		C50D4FCF1DC1638E009F1505 /* GraphCollectionViewController.swift in Sources */ = {isa = PBXBuildFile; fileRef = C50D4FCE1DC1638E009F1505 /* GraphCollectionViewController.swift */; };
		C522A7B11DB46CF8003D5913 /* EmpaLink-ios-0.7-full.framework in Frameworks */ = {isa = PBXBuildFile; fileRef = C522A7B01DB46CF8003D5913 /* EmpaLink-ios-0.7-full.framework */; };
		C54372C31DA01BB900BBCD87 /* AppDelegate.swift in Sources */ = {isa = PBXBuildFile; fileRef = C54372C21DA01BB900BBCD87 /* AppDelegate.swift */; };
		C54372C51DA01BB900BBCD87 /* ViewController.swift in Sources */ = {isa = PBXBuildFile; fileRef = C54372C41DA01BB900BBCD87 /* ViewController.swift */; };
		C54372C81DA01BB900BBCD87 /* Main.storyboard in Resources */ = {isa = PBXBuildFile; fileRef = C54372C61DA01BB900BBCD87 /* Main.storyboard */; };
		C54372CA1DA01BB900BBCD87 /* Assets.xcassets in Resources */ = {isa = PBXBuildFile; fileRef = C54372C91DA01BB900BBCD87 /* Assets.xcassets */; };
		C54372CD1DA01BB900BBCD87 /* LaunchScreen.storyboard in Resources */ = {isa = PBXBuildFile; fileRef = C54372CB1DA01BB900BBCD87 /* LaunchScreen.storyboard */; };
		C57941E81DA3F286002FE927 /* heart-7.png in Resources */ = {isa = PBXBuildFile; fileRef = C57941E71DA3F286002FE927 /* heart-7.png */; };
		C57941EA1DA3F3B0002FE927 /* heart-rate-graph-big-red-35515205.jpg in Resources */ = {isa = PBXBuildFile; fileRef = C57941E91DA3F3B0002FE927 /* heart-rate-graph-big-red-35515205.jpg */; };
		C587FF151DC26FDA00A4B5C6 /* GraphCollectionViewCell.swift in Sources */ = {isa = PBXBuildFile; fileRef = C587FF141DC26FDA00A4B5C6 /* GraphCollectionViewCell.swift */; };
		C587FF171DC29C3B00A4B5C6 /* InformationCollectionViewCell.swift in Sources */ = {isa = PBXBuildFile; fileRef = C587FF161DC29C3B00A4B5C6 /* InformationCollectionViewCell.swift */; };
		C59EB92F1E750023000A51F1 /* Biomusic.swift in Sources */ = {isa = PBXBuildFile; fileRef = C59EB92E1E750023000A51F1 /* Biomusic.swift */; };
		C5CD0EEC1DA024B700B1355D /* BWWalkthroughPageViewController.swift in Sources */ = {isa = PBXBuildFile; fileRef = C5CD0EEA1DA024B700B1355D /* BWWalkthroughPageViewController.swift */; };
		C5CD0EED1DA024B700B1355D /* BWWalkthroughViewController.swift in Sources */ = {isa = PBXBuildFile; fileRef = C5CD0EEB1DA024B700B1355D /* BWWalkthroughViewController.swift */; };
		C5CD0EEF1DA0ABA100B1355D /* mainViewController.swift in Sources */ = {isa = PBXBuildFile; fileRef = C5CD0EEE1DA0ABA100B1355D /* mainViewController.swift */; };
		C5CD0EF51DA14AF700B1355D /* e4.png in Resources */ = {isa = PBXBuildFile; fileRef = C5CD0EF41DA14AF700B1355D /* e4.png */; };
		C5DCE0A71DBC729B007AC5C6 /* Charts.framework in Frameworks */ = {isa = PBXBuildFile; fileRef = C5DCE0A21DBC6FF4007AC5C6 /* Charts.framework */; };
		C5DCE0A81DBC729B007AC5C6 /* Charts.framework in Embed Frameworks */ = {isa = PBXBuildFile; fileRef = C5DCE0A21DBC6FF4007AC5C6 /* Charts.framework */; settings = {ATTRIBUTES = (CodeSignOnCopy, RemoveHeadersOnCopy, ); }; };
		C5E795CB1DEFA54900C00472 /* UploadViewController.swift in Sources */ = {isa = PBXBuildFile; fileRef = C5E795CA1DEFA54900C00472 /* UploadViewController.swift */; };
		C5E795CD1DEFB07600C00472 /* dropboxLogo.png in Resources */ = {isa = PBXBuildFile; fileRef = C5E795CC1DEFB07600C00472 /* dropboxLogo.png */; };
/* End PBXBuildFile section */

/* Begin PBXContainerItemProxy section */
		C5DCE0A11DBC6FF4007AC5C6 /* PBXContainerItemProxy */ = {
			isa = PBXContainerItemProxy;
			containerPortal = C5DCE09B1DBC6FF4007AC5C6 /* Charts.xcodeproj */;
			proxyType = 2;
			remoteGlobalIDString = 06165F241D8110E600722320;
			remoteInfo = Charts;
		};
		C5DCE0A31DBC6FF4007AC5C6 /* PBXContainerItemProxy */ = {
			isa = PBXContainerItemProxy;
			containerPortal = C5DCE09B1DBC6FF4007AC5C6 /* Charts.xcodeproj */;
			proxyType = 2;
			remoteGlobalIDString = 06B120D51D811E6200D14B02;
			remoteInfo = ChartsRealm;
		};
		C5DCE0A51DBC6FF4007AC5C6 /* PBXContainerItemProxy */ = {
			isa = PBXContainerItemProxy;
			containerPortal = C5DCE09B1DBC6FF4007AC5C6 /* Charts.xcodeproj */;
			proxyType = 2;
			remoteGlobalIDString = 06165F2E1D8110E600722320;
			remoteInfo = ChartsTests;
		};
		C5DCE0A91DBC729B007AC5C6 /* PBXContainerItemProxy */ = {
			isa = PBXContainerItemProxy;
			containerPortal = C5DCE09B1DBC6FF4007AC5C6 /* Charts.xcodeproj */;
			proxyType = 1;
			remoteGlobalIDString = 06165F231D8110E600722320;
			remoteInfo = Charts;
		};
/* End PBXContainerItemProxy section */

/* Begin PBXCopyFilesBuildPhase section */
		C5DCE08A1DBC6CEF007AC5C6 /* Embed Frameworks */ = {
			isa = PBXCopyFilesBuildPhase;
			buildActionMask = 2147483647;
			dstPath = "";
			dstSubfolderSpec = 10;
			files = (
				C5DCE0A81DBC729B007AC5C6 /* Charts.framework in Embed Frameworks */,
			);
			name = "Embed Frameworks";
			runOnlyForDeploymentPostprocessing = 0;
		};
/* End PBXCopyFilesBuildPhase section */

/* Begin PBXFileReference section */
		1186ECF31F5553DD0DB9B03C /* Pods_Sono.framework */ = {isa = PBXFileReference; explicitFileType = wrapper.framework; includeInIndex = 0; path = Pods_Sono.framework; sourceTree = BUILT_PRODUCTS_DIR; };
		C50D4FCE1DC1638E009F1505 /* GraphCollectionViewController.swift */ = {isa = PBXFileReference; fileEncoding = 4; lastKnownFileType = sourcecode.swift; path = GraphCollectionViewController.swift; sourceTree = "<group>"; };
		C522A7AA1DB41E81003D5913 /* EmpaticaBridge.h */ = {isa = PBXFileReference; lastKnownFileType = sourcecode.c.h; path = EmpaticaBridge.h; sourceTree = "<group>"; };
		C522A7B01DB46CF8003D5913 /* EmpaLink-ios-0.7-full.framework */ = {isa = PBXFileReference; lastKnownFileType = wrapper.framework; path = "EmpaLink-ios-0.7-full.framework"; sourceTree = "<group>"; };
		C54372BF1DA01BB900BBCD87 /* Sono.app */ = {isa = PBXFileReference; explicitFileType = wrapper.application; includeInIndex = 0; path = Sono.app; sourceTree = BUILT_PRODUCTS_DIR; };
		C54372C21DA01BB900BBCD87 /* AppDelegate.swift */ = {isa = PBXFileReference; lastKnownFileType = sourcecode.swift; path = AppDelegate.swift; sourceTree = "<group>"; };
		C54372C41DA01BB900BBCD87 /* ViewController.swift */ = {isa = PBXFileReference; lastKnownFileType = sourcecode.swift; path = ViewController.swift; sourceTree = "<group>"; };
		C54372C71DA01BB900BBCD87 /* Base */ = {isa = PBXFileReference; lastKnownFileType = file.storyboard; name = Base; path = Base.lproj/Main.storyboard; sourceTree = "<group>"; };
		C54372C91DA01BB900BBCD87 /* Assets.xcassets */ = {isa = PBXFileReference; lastKnownFileType = folder.assetcatalog; path = Assets.xcassets; sourceTree = "<group>"; };
		C54372CC1DA01BB900BBCD87 /* Base */ = {isa = PBXFileReference; lastKnownFileType = file.storyboard; name = Base; path = Base.lproj/LaunchScreen.storyboard; sourceTree = "<group>"; };
		C54372CE1DA01BB900BBCD87 /* Info.plist */ = {isa = PBXFileReference; lastKnownFileType = text.plist.xml; path = Info.plist; sourceTree = "<group>"; };
		C57941E71DA3F286002FE927 /* heart-7.png */ = {isa = PBXFileReference; lastKnownFileType = image.png; path = "heart-7.png"; sourceTree = "<group>"; };
		C57941E91DA3F3B0002FE927 /* heart-rate-graph-big-red-35515205.jpg */ = {isa = PBXFileReference; lastKnownFileType = image.jpeg; path = "heart-rate-graph-big-red-35515205.jpg"; sourceTree = "<group>"; };
		C587FF141DC26FDA00A4B5C6 /* GraphCollectionViewCell.swift */ = {isa = PBXFileReference; fileEncoding = 4; lastKnownFileType = sourcecode.swift; path = GraphCollectionViewCell.swift; sourceTree = "<group>"; };
		C587FF161DC29C3B00A4B5C6 /* InformationCollectionViewCell.swift */ = {isa = PBXFileReference; fileEncoding = 4; lastKnownFileType = sourcecode.swift; path = InformationCollectionViewCell.swift; sourceTree = "<group>"; };
		C59EB92E1E750023000A51F1 /* Biomusic.swift */ = {isa = PBXFileReference; fileEncoding = 4; lastKnownFileType = sourcecode.swift; path = Biomusic.swift; sourceTree = "<group>"; };
		C5CD0EEA1DA024B700B1355D /* BWWalkthroughPageViewController.swift */ = {isa = PBXFileReference; fileEncoding = 4; lastKnownFileType = sourcecode.swift; path = BWWalkthroughPageViewController.swift; sourceTree = "<group>"; };
		C5CD0EEB1DA024B700B1355D /* BWWalkthroughViewController.swift */ = {isa = PBXFileReference; fileEncoding = 4; lastKnownFileType = sourcecode.swift; path = BWWalkthroughViewController.swift; sourceTree = "<group>"; };
		C5CD0EEE1DA0ABA100B1355D /* mainViewController.swift */ = {isa = PBXFileReference; fileEncoding = 4; lastKnownFileType = sourcecode.swift; path = mainViewController.swift; sourceTree = "<group>"; };
		C5CD0EF41DA14AF700B1355D /* e4.png */ = {isa = PBXFileReference; lastKnownFileType = image.png; path = e4.png; sourceTree = "<group>"; };
		C5DCE09B1DBC6FF4007AC5C6 /* Charts.xcodeproj */ = {isa = PBXFileReference; lastKnownFileType = "wrapper.pb-project"; name = Charts.xcodeproj; path = Charts/Charts.xcodeproj; sourceTree = SOURCE_ROOT; };
		C5E795CA1DEFA54900C00472 /* UploadViewController.swift */ = {isa = PBXFileReference; fileEncoding = 4; lastKnownFileType = sourcecode.swift; path = UploadViewController.swift; sourceTree = "<group>"; };
		C5E795CC1DEFB07600C00472 /* dropboxLogo.png */ = {isa = PBXFileReference; lastKnownFileType = image.png; path = dropboxLogo.png; sourceTree = "<group>"; };
		CEAADB62BEBD15358886EC17 /* Pods-Sono.debug.xcconfig */ = {isa = PBXFileReference; includeInIndex = 1; lastKnownFileType = text.xcconfig; name = "Pods-Sono.debug.xcconfig"; path = "Pods/Target Support Files/Pods-Sono/Pods-Sono.debug.xcconfig"; sourceTree = "<group>"; };
		D73012B1F9AABF420DD05FE9 /* Pods-Sono.release.xcconfig */ = {isa = PBXFileReference; includeInIndex = 1; lastKnownFileType = text.xcconfig; name = "Pods-Sono.release.xcconfig"; path = "Pods/Target Support Files/Pods-Sono/Pods-Sono.release.xcconfig"; sourceTree = "<group>"; };
/* End PBXFileReference section */

/* Begin PBXFrameworksBuildPhase section */
		C54372BC1DA01BB900BBCD87 /* Frameworks */ = {
			isa = PBXFrameworksBuildPhase;
			buildActionMask = 2147483647;
			files = (
				C5DCE0A71DBC729B007AC5C6 /* Charts.framework in Frameworks */,
				C522A7B11DB46CF8003D5913 /* EmpaLink-ios-0.7-full.framework in Frameworks */,
				9E06FC6D87A809B8A912CA5D /* Pods_Sono.framework in Frameworks */,
			);
			runOnlyForDeploymentPostprocessing = 0;
		};
/* End PBXFrameworksBuildPhase section */

/* Begin PBXGroup section */
		C522A7A91DB4188F003D5913 /* Frameworks */ = {
			isa = PBXGroup;
			children = (
				C522A7B01DB46CF8003D5913 /* EmpaLink-ios-0.7-full.framework */,
				1186ECF31F5553DD0DB9B03C /* Pods_Sono.framework */,
			);
			name = Frameworks;
			sourceTree = "<group>";
		};
		C54372B61DA01BB900BBCD87 = {
			isa = PBXGroup;
			children = (
				C54372C11DA01BB900BBCD87 /* Sono */,
				C54372C01DA01BB900BBCD87 /* Products */,
				C522A7A91DB4188F003D5913 /* Frameworks */,
				ED3494B36284C98C8063C0F0 /* Pods */,
			);
			sourceTree = "<group>";
		};
		C54372C01DA01BB900BBCD87 /* Products */ = {
			isa = PBXGroup;
			children = (
				C54372BF1DA01BB900BBCD87 /* Sono.app */,
			);
			name = Products;
			sourceTree = "<group>";
		};
		C54372C11DA01BB900BBCD87 /* Sono */ = {
			isa = PBXGroup;
			children = (
				C5CD0EF61DA14B0D00B1355D /* images */,
				C5CD0EEA1DA024B700B1355D /* BWWalkthroughPageViewController.swift */,
				C5CD0EEB1DA024B700B1355D /* BWWalkthroughViewController.swift */,
				C54372C21DA01BB900BBCD87 /* AppDelegate.swift */,
				C54372C41DA01BB900BBCD87 /* ViewController.swift */,
				C54372C61DA01BB900BBCD87 /* Main.storyboard */,
				C59EB92E1E750023000A51F1 /* Biomusic.swift */,
				C50D4FCE1DC1638E009F1505 /* GraphCollectionViewController.swift */,
				C5E795CA1DEFA54900C00472 /* UploadViewController.swift */,
				C5CD0EEE1DA0ABA100B1355D /* mainViewController.swift */,
				C587FF141DC26FDA00A4B5C6 /* GraphCollectionViewCell.swift */,
				C587FF161DC29C3B00A4B5C6 /* InformationCollectionViewCell.swift */,
				C54372C91DA01BB900BBCD87 /* Assets.xcassets */,
				C54372CB1DA01BB900BBCD87 /* LaunchScreen.storyboard */,
				C54372CE1DA01BB900BBCD87 /* Info.plist */,
				C522A7AA1DB41E81003D5913 /* EmpaticaBridge.h */,
				C5DCE09B1DBC6FF4007AC5C6 /* Charts.xcodeproj */,
			);
			path = Sono;
			sourceTree = "<group>";
		};
		C5CD0EF61DA14B0D00B1355D /* images */ = {
			isa = PBXGroup;
			children = (
				C5E795CC1DEFB07600C00472 /* dropboxLogo.png */,
				C57941E71DA3F286002FE927 /* heart-7.png */,
				C5CD0EF41DA14AF700B1355D /* e4.png */,
				C57941E91DA3F3B0002FE927 /* heart-rate-graph-big-red-35515205.jpg */,
			);
			name = images;
			sourceTree = "<group>";
		};
		C5DCE09C1DBC6FF4007AC5C6 /* Products */ = {
			isa = PBXGroup;
			children = (
				C5DCE0A21DBC6FF4007AC5C6 /* Charts.framework */,
				C5DCE0A41DBC6FF4007AC5C6 /* ChartsRealm.framework */,
				C5DCE0A61DBC6FF4007AC5C6 /* ChartsTests.xctest */,
			);
			name = Products;
			sourceTree = "<group>";
		};
		ED3494B36284C98C8063C0F0 /* Pods */ = {
			isa = PBXGroup;
			children = (
				CEAADB62BEBD15358886EC17 /* Pods-Sono.debug.xcconfig */,
				D73012B1F9AABF420DD05FE9 /* Pods-Sono.release.xcconfig */,
			);
			name = Pods;
			sourceTree = "<group>";
		};
/* End PBXGroup section */

/* Begin PBXNativeTarget section */
		C54372BE1DA01BB900BBCD87 /* Sono */ = {
			isa = PBXNativeTarget;
			buildConfigurationList = C54372D11DA01BB900BBCD87 /* Build configuration list for PBXNativeTarget "Sono" */;
			buildPhases = (
				D1F3B1726DFE36BE3FCF93C6 /* [CP] Check Pods Manifest.lock */,
				C54372BB1DA01BB900BBCD87 /* Sources */,
				C54372BC1DA01BB900BBCD87 /* Frameworks */,
				C54372BD1DA01BB900BBCD87 /* Resources */,
				C5DCE08A1DBC6CEF007AC5C6 /* Embed Frameworks */,
				599E562E1E11A1263E52FA70 /* [CP] Embed Pods Frameworks */,
				FAEF9D353E7868405C92B3B5 /* [CP] Copy Pods Resources */,
			);
			buildRules = (
			);
			dependencies = (
				C5DCE0AA1DBC729B007AC5C6 /* PBXTargetDependency */,
			);
			name = Sono;
			productName = Sono;
			productReference = C54372BF1DA01BB900BBCD87 /* Sono.app */;
			productType = "com.apple.product-type.application";
		};
/* End PBXNativeTarget section */

/* Begin PBXProject section */
		C54372B71DA01BB900BBCD87 /* Project object */ = {
			isa = PBXProject;
			attributes = {
				LastSwiftUpdateCheck = 0800;
				LastUpgradeCheck = 0820;
				ORGANIZATIONNAME = "Amro Gazlan";
				TargetAttributes = {
					C54372BE1DA01BB900BBCD87 = {
						CreatedOnToolsVersion = 8.0;
						DevelopmentTeam = 8ZK23DRA3H;
						ProvisioningStyle = Automatic;
						SystemCapabilities = {
							com.apple.BackgroundModes = {
								enabled = 1;
							};
						};
					};
				};
			};
			buildConfigurationList = C54372BA1DA01BB900BBCD87 /* Build configuration list for PBXProject "Sono" */;
			compatibilityVersion = "Xcode 3.2";
			developmentRegion = English;
			hasScannedForEncodings = 0;
			knownRegions = (
				en,
				Base,
			);
			mainGroup = C54372B61DA01BB900BBCD87;
			productRefGroup = C54372C01DA01BB900BBCD87 /* Products */;
			projectDirPath = "";
			projectReferences = (
				{
					ProductGroup = C5DCE09C1DBC6FF4007AC5C6 /* Products */;
					ProjectRef = C5DCE09B1DBC6FF4007AC5C6 /* Charts.xcodeproj */;
				},
			);
			projectRoot = "";
			targets = (
				C54372BE1DA01BB900BBCD87 /* Sono */,
			);
		};
/* End PBXProject section */

/* Begin PBXReferenceProxy section */
		C5DCE0A21DBC6FF4007AC5C6 /* Charts.framework */ = {
			isa = PBXReferenceProxy;
			fileType = wrapper.framework;
			path = Charts.framework;
			remoteRef = C5DCE0A11DBC6FF4007AC5C6 /* PBXContainerItemProxy */;
			sourceTree = BUILT_PRODUCTS_DIR;
		};
		C5DCE0A41DBC6FF4007AC5C6 /* ChartsRealm.framework */ = {
			isa = PBXReferenceProxy;
			fileType = wrapper.framework;
			path = ChartsRealm.framework;
			remoteRef = C5DCE0A31DBC6FF4007AC5C6 /* PBXContainerItemProxy */;
			sourceTree = BUILT_PRODUCTS_DIR;
		};
		C5DCE0A61DBC6FF4007AC5C6 /* ChartsTests.xctest */ = {
			isa = PBXReferenceProxy;
			fileType = wrapper.cfbundle;
			path = ChartsTests.xctest;
			remoteRef = C5DCE0A51DBC6FF4007AC5C6 /* PBXContainerItemProxy */;
			sourceTree = BUILT_PRODUCTS_DIR;
		};
/* End PBXReferenceProxy section */

/* Begin PBXResourcesBuildPhase section */
		C54372BD1DA01BB900BBCD87 /* Resources */ = {
			isa = PBXResourcesBuildPhase;
			buildActionMask = 2147483647;
			files = (
				C5E795CD1DEFB07600C00472 /* dropboxLogo.png in Resources */,
				C57941EA1DA3F3B0002FE927 /* heart-rate-graph-big-red-35515205.jpg in Resources */,
				C54372CD1DA01BB900BBCD87 /* LaunchScreen.storyboard in Resources */,
				C57941E81DA3F286002FE927 /* heart-7.png in Resources */,
				C54372CA1DA01BB900BBCD87 /* Assets.xcassets in Resources */,
				C54372C81DA01BB900BBCD87 /* Main.storyboard in Resources */,
				C5CD0EF51DA14AF700B1355D /* e4.png in Resources */,
			);
			runOnlyForDeploymentPostprocessing = 0;
		};
/* End PBXResourcesBuildPhase section */

/* Begin PBXShellScriptBuildPhase section */
		599E562E1E11A1263E52FA70 /* [CP] Embed Pods Frameworks */ = {
			isa = PBXShellScriptBuildPhase;
			buildActionMask = 2147483647;
			files = (
			);
			inputPaths = (
			);
			name = "[CP] Embed Pods Frameworks";
			outputPaths = (
			);
			runOnlyForDeploymentPostprocessing = 0;
			shellPath = /bin/sh;
			shellScript = "\"${SRCROOT}/Pods/Target Support Files/Pods-Sono/Pods-Sono-frameworks.sh\"\n";
			showEnvVarsInLog = 0;
		};
		D1F3B1726DFE36BE3FCF93C6 /* [CP] Check Pods Manifest.lock */ = {
			isa = PBXShellScriptBuildPhase;
			buildActionMask = 2147483647;
			files = (
			);
			inputPaths = (
			);
			name = "[CP] Check Pods Manifest.lock";
			outputPaths = (
			);
			runOnlyForDeploymentPostprocessing = 0;
			shellPath = /bin/sh;
			shellScript = "diff \"${PODS_ROOT}/../Podfile.lock\" \"${PODS_ROOT}/Manifest.lock\" > /dev/null\nif [ $? != 0 ] ; then\n    # print error to STDERR\n    echo \"error: The sandbox is not in sync with the Podfile.lock. Run 'pod install' or update your CocoaPods installation.\" >&2\n    exit 1\nfi\n";
			showEnvVarsInLog = 0;
		};
		FAEF9D353E7868405C92B3B5 /* [CP] Copy Pods Resources */ = {
			isa = PBXShellScriptBuildPhase;
			buildActionMask = 2147483647;
			files = (
			);
			inputPaths = (
			);
			name = "[CP] Copy Pods Resources";
			outputPaths = (
			);
			runOnlyForDeploymentPostprocessing = 0;
			shellPath = /bin/sh;
			shellScript = "\"${SRCROOT}/Pods/Target Support Files/Pods-Sono/Pods-Sono-resources.sh\"\n";
			showEnvVarsInLog = 0;
		};
/* End PBXShellScriptBuildPhase section */

/* Begin PBXSourcesBuildPhase section */
		C54372BB1DA01BB900BBCD87 /* Sources */ = {
			isa = PBXSourcesBuildPhase;
			buildActionMask = 2147483647;
			files = (
				C5CD0EED1DA024B700B1355D /* BWWalkthroughViewController.swift in Sources */,
				C5CD0EEC1DA024B700B1355D /* BWWalkthroughPageViewController.swift in Sources */,
				C5CD0EEF1DA0ABA100B1355D /* mainViewController.swift in Sources */,
				C587FF171DC29C3B00A4B5C6 /* InformationCollectionViewCell.swift in Sources */,
				C5E795CB1DEFA54900C00472 /* UploadViewController.swift in Sources */,
				C54372C51DA01BB900BBCD87 /* ViewController.swift in Sources */,
				C59EB92F1E750023000A51F1 /* Biomusic.swift in Sources */,
				C50D4FCF1DC1638E009F1505 /* GraphCollectionViewController.swift in Sources */,
				C587FF151DC26FDA00A4B5C6 /* GraphCollectionViewCell.swift in Sources */,
				C54372C31DA01BB900BBCD87 /* AppDelegate.swift in Sources */,
			);
			runOnlyForDeploymentPostprocessing = 0;
		};
/* End PBXSourcesBuildPhase section */

/* Begin PBXTargetDependency section */
		C5DCE0AA1DBC729B007AC5C6 /* PBXTargetDependency */ = {
			isa = PBXTargetDependency;
			name = Charts;
			targetProxy = C5DCE0A91DBC729B007AC5C6 /* PBXContainerItemProxy */;
		};
/* End PBXTargetDependency section */

/* Begin PBXVariantGroup section */
		C54372C61DA01BB900BBCD87 /* Main.storyboard */ = {
			isa = PBXVariantGroup;
			children = (
				C54372C71DA01BB900BBCD87 /* Base */,
			);
			name = Main.storyboard;
			sourceTree = "<group>";
		};
		C54372CB1DA01BB900BBCD87 /* LaunchScreen.storyboard */ = {
			isa = PBXVariantGroup;
			children = (
				C54372CC1DA01BB900BBCD87 /* Base */,
			);
			name = LaunchScreen.storyboard;
			sourceTree = "<group>";
		};
/* End PBXVariantGroup section */

/* Begin XCBuildConfiguration section */
		C54372CF1DA01BB900BBCD87 /* Debug */ = {
			isa = XCBuildConfiguration;
			buildSettings = {
				ALWAYS_SEARCH_USER_PATHS = NO;
				CLANG_ANALYZER_NONNULL = YES;
				CLANG_CXX_LANGUAGE_STANDARD = "gnu++0x";
				CLANG_CXX_LIBRARY = "libc++";
				CLANG_ENABLE_MODULES = YES;
				CLANG_ENABLE_OBJC_ARC = YES;
				CLANG_WARN_BOOL_CONVERSION = YES;
				CLANG_WARN_CONSTANT_CONVERSION = YES;
				CLANG_WARN_DIRECT_OBJC_ISA_USAGE = YES_ERROR;
				CLANG_WARN_DOCUMENTATION_COMMENTS = YES;
				CLANG_WARN_EMPTY_BODY = YES;
				CLANG_WARN_ENUM_CONVERSION = YES;
				CLANG_WARN_INFINITE_RECURSION = YES;
				CLANG_WARN_INT_CONVERSION = YES;
				CLANG_WARN_OBJC_ROOT_CLASS = YES_ERROR;
				CLANG_WARN_SUSPICIOUS_MOVE = YES;
				CLANG_WARN_SUSPICIOUS_MOVES = YES;
				CLANG_WARN_UNREACHABLE_CODE = YES;
				CLANG_WARN__DUPLICATE_METHOD_MATCH = YES;
				"CODE_SIGN_IDENTITY[sdk=iphoneos*]" = "iPhone Developer";
				COPY_PHASE_STRIP = NO;
				DEBUG_INFORMATION_FORMAT = dwarf;
				ENABLE_BITCODE = NO;
				ENABLE_STRICT_OBJC_MSGSEND = YES;
				ENABLE_TESTABILITY = YES;
				GCC_C_LANGUAGE_STANDARD = gnu99;
				GCC_DYNAMIC_NO_PIC = NO;
				GCC_NO_COMMON_BLOCKS = YES;
				GCC_OPTIMIZATION_LEVEL = 0;
				GCC_PREPROCESSOR_DEFINITIONS = (
					"DEBUG=1",
					"$(inherited)",
				);
				GCC_WARN_64_TO_32_BIT_CONVERSION = YES;
				GCC_WARN_ABOUT_RETURN_TYPE = YES_ERROR;
				GCC_WARN_UNDECLARED_SELECTOR = YES;
				GCC_WARN_UNINITIALIZED_AUTOS = YES_AGGRESSIVE;
				GCC_WARN_UNUSED_FUNCTION = YES;
				GCC_WARN_UNUSED_VARIABLE = YES;
				IPHONEOS_DEPLOYMENT_TARGET = 9.0;
				MTL_ENABLE_DEBUG_INFO = YES;
				ONLY_ACTIVE_ARCH = YES;
				SDKROOT = iphoneos;
				SWIFT_ACTIVE_COMPILATION_CONDITIONS = DEBUG;
				SWIFT_OPTIMIZATION_LEVEL = "-Onone";
			};
			name = Debug;
		};
		C54372D01DA01BB900BBCD87 /* Release */ = {
			isa = XCBuildConfiguration;
			buildSettings = {
				ALWAYS_SEARCH_USER_PATHS = NO;
				CLANG_ANALYZER_NONNULL = YES;
				CLANG_CXX_LANGUAGE_STANDARD = "gnu++0x";
				CLANG_CXX_LIBRARY = "libc++";
				CLANG_ENABLE_MODULES = YES;
				CLANG_ENABLE_OBJC_ARC = YES;
				CLANG_WARN_BOOL_CONVERSION = YES;
				CLANG_WARN_CONSTANT_CONVERSION = YES;
				CLANG_WARN_DIRECT_OBJC_ISA_USAGE = YES_ERROR;
				CLANG_WARN_DOCUMENTATION_COMMENTS = YES;
				CLANG_WARN_EMPTY_BODY = YES;
				CLANG_WARN_ENUM_CONVERSION = YES;
				CLANG_WARN_INFINITE_RECURSION = YES;
				CLANG_WARN_INT_CONVERSION = YES;
				CLANG_WARN_OBJC_ROOT_CLASS = YES_ERROR;
				CLANG_WARN_SUSPICIOUS_MOVE = YES;
				CLANG_WARN_SUSPICIOUS_MOVES = YES;
				CLANG_WARN_UNREACHABLE_CODE = YES;
				CLANG_WARN__DUPLICATE_METHOD_MATCH = YES;
				"CODE_SIGN_IDENTITY[sdk=iphoneos*]" = "iPhone Developer";
				COPY_PHASE_STRIP = NO;
				DEBUG_INFORMATION_FORMAT = "dwarf-with-dsym";
				ENABLE_BITCODE = NO;
				ENABLE_NS_ASSERTIONS = NO;
				ENABLE_STRICT_OBJC_MSGSEND = YES;
				GCC_C_LANGUAGE_STANDARD = gnu99;
				GCC_NO_COMMON_BLOCKS = YES;
				GCC_WARN_64_TO_32_BIT_CONVERSION = YES;
				GCC_WARN_ABOUT_RETURN_TYPE = YES_ERROR;
				GCC_WARN_UNDECLARED_SELECTOR = YES;
				GCC_WARN_UNINITIALIZED_AUTOS = YES_AGGRESSIVE;
				GCC_WARN_UNUSED_FUNCTION = YES;
				GCC_WARN_UNUSED_VARIABLE = YES;
				IPHONEOS_DEPLOYMENT_TARGET = 9.0;
				MTL_ENABLE_DEBUG_INFO = NO;
				SDKROOT = iphoneos;
				SWIFT_OPTIMIZATION_LEVEL = "-Owholemodule";
				VALIDATE_PRODUCT = YES;
			};
			name = Release;
		};
		C54372D21DA01BB900BBCD87 /* Debug */ = {
			isa = XCBuildConfiguration;
			baseConfigurationReference = CEAADB62BEBD15358886EC17 /* Pods-Sono.debug.xcconfig */;
			buildSettings = {
				ALWAYS_EMBED_SWIFT_STANDARD_LIBRARIES = YES;
				ASSETCATALOG_COMPILER_APPICON_NAME = AppIcon;
				DEVELOPMENT_TEAM = 8ZK23DRA3H;
				FRAMEWORK_SEARCH_PATHS = (
					"$(inherited)",
					"$(PROJECT_DIR)",
				);
				INFOPLIST_FILE = Sono/Info.plist;
				IPHONEOS_DEPLOYMENT_TARGET = 9.0;
				LD_RUNPATH_SEARCH_PATHS = "$(inherited) @executable_path/Frameworks";
				PRODUCT_BUNDLE_IDENTIFIER = com.gmail.guzlan.amro;
				PRODUCT_NAME = "$(TARGET_NAME)";
				SWIFT_OBJC_BRIDGING_HEADER = $SRCROOT/Sono/EmpaticaBridge.h;
				SWIFT_VERSION = 3.0;
			};
			name = Debug;
		};
		C54372D31DA01BB900BBCD87 /* Release */ = {
			isa = XCBuildConfiguration;
			baseConfigurationReference = D73012B1F9AABF420DD05FE9 /* Pods-Sono.release.xcconfig */;
			buildSettings = {
				ALWAYS_EMBED_SWIFT_STANDARD_LIBRARIES = YES;
				ASSETCATALOG_COMPILER_APPICON_NAME = AppIcon;
				DEVELOPMENT_TEAM = 8ZK23DRA3H;
				FRAMEWORK_SEARCH_PATHS = (
					"$(inherited)",
					"$(PROJECT_DIR)",
				);
				INFOPLIST_FILE = Sono/Info.plist;
				IPHONEOS_DEPLOYMENT_TARGET = 9.0;
				LD_RUNPATH_SEARCH_PATHS = "$(inherited) @executable_path/Frameworks";
				PRODUCT_BUNDLE_IDENTIFIER = com.gmail.guzlan.amro;
				PRODUCT_NAME = "$(TARGET_NAME)";
				SWIFT_OBJC_BRIDGING_HEADER = $SRCROOT/Sono/EmpaticaBridge.h;
				SWIFT_VERSION = 3.0;
			};
			name = Release;
		};
/* End XCBuildConfiguration section */

/* Begin XCConfigurationList section */
		C54372BA1DA01BB900BBCD87 /* Build configuration list for PBXProject "Sono" */ = {
			isa = XCConfigurationList;
			buildConfigurations = (
				C54372CF1DA01BB900BBCD87 /* Debug */,
				C54372D01DA01BB900BBCD87 /* Release */,
			);
			defaultConfigurationIsVisible = 0;
			defaultConfigurationName = Release;
		};
		C54372D11DA01BB900BBCD87 /* Build configuration list for PBXNativeTarget "Sono" */ = {
			isa = XCConfigurationList;
			buildConfigurations = (
				C54372D21DA01BB900BBCD87 /* Debug */,
				C54372D31DA01BB900BBCD87 /* Release */,
			);
			defaultConfigurationIsVisible = 0;
			defaultConfigurationName = Release;
		};
/* End XCConfigurationList section */
	};
	rootObject = C54372B71DA01BB900BBCD87 /* Project object */;
}
